
Microsoft Visual Studio Solution File, Format Version 12.00
# Visual Studio Version 17
VisualStudioVersion = 17.0.31903.59
MinimumVisualStudioVersion = 10.0.40219.1
Project("{2150E333-8FDC-42A3-9474-1A3956D46DE8}") = "src", "src", "{827E0CD3-B72D-47B6-A68D-7590B98EB39B}"
EndProject
Project("{FAE04EC0-301F-11D3-BF4B-00C04F79EFBC}") = "OpenSymphony.Domain", "src\OpenSymphony.Domain\OpenSymphony.Domain.csproj", "{649FDD52-ED4F-4F6A-999C-7A3AC020A196}"
EndProject
Project("{FAE04EC0-301F-11D3-BF4B-00C04F79EFBC}") = "OpenSymphony.Workspace", "src\OpenSymphony.Workspace\OpenSymphony.Workspace.csproj", "{6DA269FD-E907-4900-89DE-1F6B9C2C4DDF}"
EndProject
Project("{2150E333-8FDC-42A3-9474-1A3956D46DE8}") = "tests", "tests", "{0AB3BF05-4346-4AA6-1389-037BE0695223}"
EndProject
Project("{FAE04EC0-301F-11D3-BF4B-00C04F79EFBC}") = "OpenSymphony.Domain.Tests", "tests\OpenSymphony.Domain.Tests\OpenSymphony.Domain.Tests.csproj", "{48C9293D-AAA1-4D6B-9312-27B972802045}"
EndProject
Project("{FAE04EC0-301F-11D3-BF4B-00C04F79EFBC}") = "OpenSymphony.Workspace.Tests", "tests\OpenSymphony.Workspace.Tests\OpenSymphony.Workspace.Tests.csproj", "{A431A378-3712-4A00-8BDB-0DE44609F3F4}"
EndProject
Project("{FAE04EC0-301F-11D3-BF4B-00C04F79EFBC}") = "OpenSymphony.GatewaySchema", "src\OpenSymphony.GatewaySchema\OpenSymphony.GatewaySchema.csproj", "{D8357C7A-2076-45C0-ADEC-B45D8D931679}"
EndProject
Project("{FAE04EC0-301F-11D3-BF4B-00C04F79EFBC}") = "OpenSymphony.Workflow", "src\OpenSymphony.Workflow\OpenSymphony.Workflow.csproj", "{56FCEDB6-2C1B-47EA-AA94-EB940718ADF8}"
EndProject
Project("{FAE04EC0-301F-11D3-BF4B-00C04F79EFBC}") = "OpenSymphony.Workflow.Tests", "tests\OpenSymphony.Workflow.Tests\OpenSymphony.Workflow.Tests.csproj", "{8FCCAD0F-A2E4-4569-81E8-2CCF1552E7F7}"
EndProject
Project("{FAE04EC0-301F-11D3-BF4B-00C04F79EFBC}") = "OpenSymphony.Planning", "src\OpenSymphony.Planning\OpenSymphony.Planning.csproj", "{47046B2D-F6AD-46F6-B466-59C688CDEBD3}"
EndProject
Project("{FAE04EC0-301F-11D3-BF4B-00C04F79EFBC}") = "OpenSymphony.Linear", "src\OpenSymphony.Linear\OpenSymphony.Linear.csproj", "{515279D7-BCA3-42FC-8B0D-7BFE2FBD5AC5}"
EndProject
Project("{FAE04EC0-301F-11D3-BF4B-00C04F79EFBC}") = "OpenSymphony.Memory", "src\OpenSymphony.Memory\OpenSymphony.Memory.csproj", "{2EB41823-3B14-4AC7-B97C-88D388C98CB6}"
EndProject
Project("{FAE04EC0-301F-11D3-BF4B-00C04F79EFBC}") = "OpenSymphony.Memory.Tests", "tests\OpenSymphony.Memory.Tests\OpenSymphony.Memory.Tests.csproj", "{656069AA-8B13-4C7A-A20B-550C92AEF540}"
EndProject
Project("{FAE04EC0-301F-11D3-BF4B-00C04F79EFBC}") = "OpenSymphony.Linear.Tests", "tests\OpenSymphony.Linear.Tests\OpenSymphony.Linear.Tests.csproj", "{43D18609-AC05-41F5-8708-121F983C80ED}"
EndProject
Project("{FAE04EC0-301F-11D3-BF4B-00C04F79EFBC}") = "OpenSymphony.OpenHands", "src\OpenSymphony.OpenHands\OpenSymphony.OpenHands.csproj", "{908FD0E6-D485-4DC9-8021-8853B1C5C563}"
EndProject
Project("{FAE04EC0-301F-11D3-BF4B-00C04F79EFBC}") = "OpenSymphony.Planning.Tests", "tests\OpenSymphony.Planning.Tests\OpenSymphony.Planning.Tests.csproj", "{4AF3EB3F-502B-4815-A65D-9137694C6D98}"
EndProject
Project("{FAE04EC0-301F-11D3-BF4B-00C04F79EFBC}") = "OpenSymphony.OpenHands.Tests", "tests\OpenSymphony.OpenHands.Tests\OpenSymphony.OpenHands.Tests.csproj", "{4C28C77D-5E53-43F3-97E0-8929E9B30116}"
EndProject
Project("{FAE04EC0-301F-11D3-BF4B-00C04F79EFBC}") = "OpenSymphony.Orchestrator", "src\OpenSymphony.Orchestrator\OpenSymphony.Orchestrator.csproj", "{F499CA9A-2144-482B-A366-73DC362AC5C7}"
EndProject
Project("{FAE04EC0-301F-11D3-BF4B-00C04F79EFBC}") = "OpenSymphony.Orchestrator.Tests", "tests\OpenSymphony.Orchestrator.Tests\OpenSymphony.Orchestrator.Tests.csproj", "{99670E68-3540-41BB-A82C-454E3BCEC0E6}"
EndProject
Project("{FAE04EC0-301F-11D3-BF4B-00C04F79EFBC}") = "OpenSymphony.Control", "src\OpenSymphony.Control\OpenSymphony.Control.csproj", "{FF3BA162-E6AA-41FC-9E00-2ACCA740E875}"
EndProject
Project("{FAE04EC0-301F-11D3-BF4B-00C04F79EFBC}") = "OpenSymphony.Control.Tests", "tests\OpenSymphony.Control.Tests\OpenSymphony.Control.Tests.csproj", "{C7511178-4F09-4343-9A96-B649EF9D795F}"
EndProject
Project("{FAE04EC0-301F-11D3-BF4B-00C04F79EFBC}") = "OpenSymphony.GatewaySchema.Tests", "tests\OpenSymphony.GatewaySchema.Tests\OpenSymphony.GatewaySchema.Tests.csproj", "{E860A130-4F8F-479E-8C90-1EFBDD10D207}"
EndProject
Project("{FAE04EC0-301F-11D3-BF4B-00C04F79EFBC}") = "OpenSymphony.Codex", "src\OpenSymphony.Codex\OpenSymphony.Codex.csproj", "{3C1E9185-9430-4D27-9844-FFF643FFF62A}"
EndProject
Project("{FAE04EC0-301F-11D3-BF4B-00C04F79EFBC}") = "OpenSymphony.TestKit", "src\OpenSymphony.TestKit\OpenSymphony.TestKit.csproj", "{083E0E4D-098C-4431-832C-89AD9785A3F5}"
EndProject
Project("{FAE04EC0-301F-11D3-BF4B-00C04F79EFBC}") = "OpenSymphony.Codex.Tests", "tests\OpenSymphony.Codex.Tests\OpenSymphony.Codex.Tests.csproj", "{C4701575-1575-459E-9434-00B8A341F7F4}"
EndProject
Project("{FAE04EC0-301F-11D3-BF4B-00C04F79EFBC}") = "OpenSymphony.Gateway", "src\OpenSymphony.Gateway\OpenSymphony.Gateway.csproj", "{B742FB7A-2857-4789-892B-C1DEA72B6F5A}"
EndProject
Project("{FAE04EC0-301F-11D3-BF4B-00C04F79EFBC}") = "OpenSymphony.Gateway.Tests", "tests\OpenSymphony.Gateway.Tests\OpenSymphony.Gateway.Tests.csproj", "{5A41972B-C08B-4B19-AC73-50A3B93AFC67}"
EndProject
Global
	GlobalSection(SolutionConfigurationPlatforms) = preSolution
		Debug|Any CPU = Debug|Any CPU
		Debug|x64 = Debug|x64
		Debug|x86 = Debug|x86
		Release|Any CPU = Release|Any CPU
		Release|x64 = Release|x64
		Release|x86 = Release|x86
	EndGlobalSection
	GlobalSection(ProjectConfigurationPlatforms) = postSolution
		{649FDD52-ED4F-4F6A-999C-7A3AC020A196}.Debug|Any CPU.ActiveCfg = Debug|Any CPU
		{649FDD52-ED4F-4F6A-999C-7A3AC020A196}.Debug|Any CPU.Build.0 = Debug|Any CPU
		{649FDD52-ED4F-4F6A-999C-7A3AC020A196}.Debug|x64.ActiveCfg = Debug|Any CPU
		{649FDD52-ED4F-4F6A-999C-7A3AC020A196}.Debug|x64.Build.0 = Debug|Any CPU
		{649FDD52-ED4F-4F6A-999C-7A3AC020A196}.Debug|x86.ActiveCfg = Debug|Any CPU
		{649FDD52-ED4F-4F6A-999C-7A3AC020A196}.Debug|x86.Build.0 = Debug|Any CPU
		{649FDD52-ED4F-4F6A-999C-7A3AC020A196}.Release|Any CPU.ActiveCfg = Release|Any CPU
		{649FDD52-ED4F-4F6A-999C-7A3AC020A196}.Release|Any CPU.Build.0 = Release|Any CPU
		{649FDD52-ED4F-4F6A-999C-7A3AC020A196}.Release|x64.ActiveCfg = Release|Any CPU
		{649FDD52-ED4F-4F6A-999C-7A3AC020A196}.Release|x64.Build.0 = Release|Any CPU
		{649FDD52-ED4F-4F6A-999C-7A3AC020A196}.Release|x86.ActiveCfg = Release|Any CPU
		{649FDD52-ED4F-4F6A-999C-7A3AC020A196}.Release|x86.Build.0 = Release|Any CPU
		{6DA269FD-E907-4900-89DE-1F6B9C2C4DDF}.Debug|Any CPU.ActiveCfg = Debug|Any CPU
		{6DA269FD-E907-4900-89DE-1F6B9C2C4DDF}.Debug|Any CPU.Build.0 = Debug|Any CPU
		{6DA269FD-E907-4900-89DE-1F6B9C2C4DDF}.Debug|x64.ActiveCfg = Debug|Any CPU
		{6DA269FD-E907-4900-89DE-1F6B9C2C4DDF}.Debug|x64.Build.0 = Debug|Any CPU
		{6DA269FD-E907-4900-89DE-1F6B9C2C4DDF}.Debug|x86.ActiveCfg = Debug|Any CPU
		{6DA269FD-E907-4900-89DE-1F6B9C2C4DDF}.Debug|x86.Build.0 = Debug|Any CPU
		{6DA269FD-E907-4900-89DE-1F6B9C2C4DDF}.Release|Any CPU.ActiveCfg = Release|Any CPU
		{6DA269FD-E907-4900-89DE-1F6B9C2C4DDF}.Release|Any CPU.Build.0 = Release|Any CPU
		{6DA269FD-E907-4900-89DE-1F6B9C2C4DDF}.Release|x64.ActiveCfg = Release|Any CPU
		{6DA269FD-E907-4900-89DE-1F6B9C2C4DDF}.Release|x64.Build.0 = Release|Any CPU
		{6DA269FD-E907-4900-89DE-1F6B9C2C4DDF}.Release|x86.ActiveCfg = Release|Any CPU
		{6DA269FD-E907-4900-89DE-1F6B9C2C4DDF}.Release|x86.Build.0 = Release|Any CPU
		{48C9293D-AAA1-4D6B-9312-27B972802045}.Debug|Any CPU.ActiveCfg = Debug|Any CPU
		{48C9293D-AAA1-4D6B-9312-27B972802045}.Debug|Any CPU.Build.0 = Debug|Any CPU
		{48C9293D-AAA1-4D6B-9312-27B972802045}.Debug|x64.ActiveCfg = Debug|Any CPU
		{48C9293D-AAA1-4D6B-9312-27B972802045}.Debug|x64.Build.0 = Debug|Any CPU
		{48C9293D-AAA1-4D6B-9312-27B972802045}.Debug|x86.ActiveCfg = Debug|Any CPU
		{48C9293D-AAA1-4D6B-9312-27B972802045}.Debug|x86.Build.0 = Debug|Any CPU
		{48C9293D-AAA1-4D6B-9312-27B972802045}.Release|Any CPU.ActiveCfg = Release|Any CPU
		{48C9293D-AAA1-4D6B-9312-27B972802045}.Release|Any CPU.Build.0 = Release|Any CPU
		{48C9293D-AAA1-4D6B-9312-27B972802045}.Release|x64.ActiveCfg = Release|Any CPU
		{48C9293D-AAA1-4D6B-9312-27B972802045}.Release|x64.Build.0 = Release|Any CPU
		{48C9293D-AAA1-4D6B-9312-27B972802045}.Release|x86.ActiveCfg = Release|Any CPU
		{48C9293D-AAA1-4D6B-9312-27B972802045}.Release|x86.Build.0 = Release|Any CPU
		{A431A378-3712-4A00-8BDB-0DE44609F3F4}.Debug|Any CPU.ActiveCfg = Debug|Any CPU
		{A431A378-3712-4A00-8BDB-0DE44609F3F4}.Debug|Any CPU.Build.0 = Debug|Any CPU
		{A431A378-3712-4A00-8BDB-0DE44609F3F4}.Debug|x64.ActiveCfg = Debug|Any CPU
		{A431A378-3712-4A00-8BDB-0DE44609F3F4}.Debug|x64.Build.0 = Debug|Any CPU
		{A431A378-3712-4A00-8BDB-0DE44609F3F4}.Debug|x86.ActiveCfg = Debug|Any CPU
		{A431A378-3712-4A00-8BDB-0DE44609F3F4}.Debug|x86.Build.0 = Debug|Any CPU
		{A431A378-3712-4A00-8BDB-0DE44609F3F4}.Release|Any CPU.ActiveCfg = Release|Any CPU
		{A431A378-3712-4A00-8BDB-0DE44609F3F4}.Release|Any CPU.Build.0 = Release|Any CPU
		{A431A378-3712-4A00-8BDB-0DE44609F3F4}.Release|x64.ActiveCfg = Release|Any CPU
		{A431A378-3712-4A00-8BDB-0DE44609F3F4}.Release|x64.Build.0 = Release|Any CPU
		{A431A378-3712-4A00-8BDB-0DE44609F3F4}.Release|x86.ActiveCfg = Release|Any CPU
		{A431A378-3712-4A00-8BDB-0DE44609F3F4}.Release|x86.Build.0 = Release|Any CPU
		{D8357C7A-2076-45C0-ADEC-B45D8D931679}.Debug|Any CPU.ActiveCfg = Debug|Any CPU
		{D8357C7A-2076-45C0-ADEC-B45D8D931679}.Debug|Any CPU.Build.0 = Debug|Any CPU
		{D8357C7A-2076-45C0-ADEC-B45D8D931679}.Debug|x64.ActiveCfg = Debug|Any CPU
		{D8357C7A-2076-45C0-ADEC-B45D8D931679}.Debug|x64.Build.0 = Debug|Any CPU
		{D8357C7A-2076-45C0-ADEC-B45D8D931679}.Debug|x86.ActiveCfg = Debug|Any CPU
		{D8357C7A-2076-45C0-ADEC-B45D8D931679}.Debug|x86.Build.0 = Debug|Any CPU
		{D8357C7A-2076-45C0-ADEC-B45D8D931679}.Release|Any CPU.ActiveCfg = Release|Any CPU
		{D8357C7A-2076-45C0-ADEC-B45D8D931679}.Release|Any CPU.Build.0 = Release|Any CPU
		{D8357C7A-2076-45C0-ADEC-B45D8D931679}.Release|x64.ActiveCfg = Release|Any CPU
		{D8357C7A-2076-45C0-ADEC-B45D8D931679}.Release|x64.Build.0 = Release|Any CPU
		{D8357C7A-2076-45C0-ADEC-B45D8D931679}.Release|x86.ActiveCfg = Release|Any CPU
		{D8357C7A-2076-45C0-ADEC-B45D8D931679}.Release|x86.Build.0 = Release|Any CPU
		{56FCEDB6-2C1B-47EA-AA94-EB940718ADF8}.Debug|Any CPU.ActiveCfg = Debug|Any CPU
		{56FCEDB6-2C1B-47EA-AA94-EB940718ADF8}.Debug|Any CPU.Build.0 = Debug|Any CPU
		{56FCEDB6-2C1B-47EA-AA94-EB940718ADF8}.Debug|x64.ActiveCfg = Debug|Any CPU
		{56FCEDB6-2C1B-47EA-AA94-EB940718ADF8}.Debug|x64.Build.0 = Debug|Any CPU
		{56FCEDB6-2C1B-47EA-AA94-EB940718ADF8}.Debug|x86.ActiveCfg = Debug|Any CPU
		{56FCEDB6-2C1B-47EA-AA94-EB940718ADF8}.Debug|x86.Build.0 = Debug|Any CPU
		{56FCEDB6-2C1B-47EA-AA94-EB940718ADF8}.Release|Any CPU.ActiveCfg = Release|Any CPU
		{56FCEDB6-2C1B-47EA-AA94-EB940718ADF8}.Release|Any CPU.Build.0 = Release|Any CPU
		{56FCEDB6-2C1B-47EA-AA94-EB940718ADF8}.Release|x64.ActiveCfg = Release|Any CPU
		{56FCEDB6-2C1B-47EA-AA94-EB940718ADF8}.Release|x64.Build.0 = Release|Any CPU
		{56FCEDB6-2C1B-47EA-AA94-EB940718ADF8}.Release|x86.ActiveCfg = Release|Any CPU
		{56FCEDB6-2C1B-47EA-AA94-EB940718ADF8}.Release|x86.Build.0 = Release|Any CPU
		{8FCCAD0F-A2E4-4569-81E8-2CCF1552E7F7}.Debug|Any CPU.ActiveCfg = Debug|Any CPU
		{8FCCAD0F-A2E4-4569-81E8-2CCF1552E7F7}.Debug|Any CPU.Build.0 = Debug|Any CPU
		{8FCCAD0F-A2E4-4569-81E8-2CCF1552E7F7}.Debug|x64.ActiveCfg = Debug|Any CPU
		{8FCCAD0F-A2E4-4569-81E8-2CCF1552E7F7}.Debug|x64.Build.0 = Debug|Any CPU
		{8FCCAD0F-A2E4-4569-81E8-2CCF1552E7F7}.Debug|x86.ActiveCfg = Debug|Any CPU
		{8FCCAD0F-A2E4-4569-81E8-2CCF1552E7F7}.Debug|x86.Build.0 = Debug|Any CPU
		{8FCCAD0F-A2E4-4569-81E8-2CCF1552E7F7}.Release|Any CPU.ActiveCfg = Release|Any CPU
		{8FCCAD0F-A2E4-4569-81E8-2CCF1552E7F7}.Release|Any CPU.Build.0 = Release|Any CPU
		{8FCCAD0F-A2E4-4569-81E8-2CCF1552E7F7}.Release|x64.ActiveCfg = Release|Any CPU
		{8FCCAD0F-A2E4-4569-81E8-2CCF1552E7F7}.Release|x64.Build.0 = Release|Any CPU
		{8FCCAD0F-A2E4-4569-81E8-2CCF1552E7F7}.Release|x86.ActiveCfg = Release|Any CPU
		{8FCCAD0F-A2E4-4569-81E8-2CCF1552E7F7}.Release|x86.Build.0 = Release|Any CPU
		{47046B2D-F6AD-46F6-B466-59C688CDEBD3}.Debug|Any CPU.ActiveCfg = Debug|Any CPU
		{47046B2D-F6AD-46F6-B466-59C688CDEBD3}.Debug|Any CPU.Build.0 = Debug|Any CPU
		{47046B2D-F6AD-46F6-B466-59C688CDEBD3}.Debug|x64.ActiveCfg = Debug|Any CPU
		{47046B2D-F6AD-46F6-B466-59C688CDEBD3}.Debug|x64.Build.0 = Debug|Any CPU
		{47046B2D-F6AD-46F6-B466-59C688CDEBD3}.Debug|x86.ActiveCfg = Debug|Any CPU
		{47046B2D-F6AD-46F6-B466-59C688CDEBD3}.Debug|x86.Build.0 = Debug|Any CPU
		{47046B2D-F6AD-46F6-B466-59C688CDEBD3}.Release|Any CPU.ActiveCfg = Release|Any CPU
		{47046B2D-F6AD-46F6-B466-59C688CDEBD3}.Release|Any CPU.Build.0 = Release|Any CPU
		{47046B2D-F6AD-46F6-B466-59C688CDEBD3}.Release|x64.ActiveCfg = Release|Any CPU
		{47046B2D-F6AD-46F6-B466-59C688CDEBD3}.Release|x64.Build.0 = Release|Any CPU
		{47046B2D-F6AD-46F6-B466-59C688CDEBD3}.Release|x86.ActiveCfg = Release|Any CPU
		{47046B2D-F6AD-46F6-B466-59C688CDEBD3}.Release|x86.Build.0 = Release|Any CPU
		{515279D7-BCA3-42FC-8B0D-7BFE2FBD5AC5}.Debug|Any CPU.ActiveCfg = Debug|Any CPU
		{515279D7-BCA3-42FC-8B0D-7BFE2FBD5AC5}.Debug|Any CPU.Build.0 = Debug|Any CPU
		{515279D7-BCA3-42FC-8B0D-7BFE2FBD5AC5}.Debug|x64.ActiveCfg = Debug|Any CPU
		{515279D7-BCA3-42FC-8B0D-7BFE2FBD5AC5}.Debug|x64.Build.0 = Debug|Any CPU
		{515279D7-BCA3-42FC-8B0D-7BFE2FBD5AC5}.Debug|x86.ActiveCfg = Debug|Any CPU
		{515279D7-BCA3-42FC-8B0D-7BFE2FBD5AC5}.Debug|x86.Build.0 = Debug|Any CPU
		{515279D7-BCA3-42FC-8B0D-7BFE2FBD5AC5}.Release|Any CPU.ActiveCfg = Release|Any CPU
		{515279D7-BCA3-42FC-8B0D-7BFE2FBD5AC5}.Release|Any CPU.Build.0 = Release|Any CPU
		{515279D7-BCA3-42FC-8B0D-7BFE2FBD5AC5}.Release|x64.ActiveCfg = Release|Any CPU
		{515279D7-BCA3-42FC-8B0D-7BFE2FBD5AC5}.Release|x64.Build.0 = Release|Any CPU
		{515279D7-BCA3-42FC-8B0D-7BFE2FBD5AC5}.Release|x86.ActiveCfg = Release|Any CPU
		{515279D7-BCA3-42FC-8B0D-7BFE2FBD5AC5}.Release|x86.Build.0 = Release|Any CPU
		{2EB41823-3B14-4AC7-B97C-88D388C98CB6}.Debug|Any CPU.ActiveCfg = Debug|Any CPU
		{2EB41823-3B14-4AC7-B97C-88D388C98CB6}.Debug|Any CPU.Build.0 = Debug|Any CPU
		{2EB41823-3B14-4AC7-B97C-88D388C98CB6}.Debug|x64.ActiveCfg = Debug|Any CPU
		{2EB41823-3B14-4AC7-B97C-88D388C98CB6}.Debug|x64.Build.0 = Debug|Any CPU
		{2EB41823-3B14-4AC7-B97C-88D388C98CB6}.Debug|x86.ActiveCfg = Debug|Any CPU
		{2EB41823-3B14-4AC7-B97C-88D388C98CB6}.Debug|x86.Build.0 = Debug|Any CPU
		{2EB41823-3B14-4AC7-B97C-88D388C98CB6}.Release|Any CPU.ActiveCfg = Release|Any CPU
		{2EB41823-3B14-4AC7-B97C-88D388C98CB6}.Release|Any CPU.Build.0 = Release|Any CPU
		{2EB41823-3B14-4AC7-B97C-88D388C98CB6}.Release|x64.ActiveCfg = Release|Any CPU
		{2EB41823-3B14-4AC7-B97C-88D388C98CB6}.Release|x64.Build.0 = Release|Any CPU
		{2EB41823-3B14-4AC7-B97C-88D388C98CB6}.Release|x86.ActiveCfg = Release|Any CPU
		{2EB41823-3B14-4AC7-B97C-88D388C98CB6}.Release|x86.Build.0 = Release|Any CPU
		{656069AA-8B13-4C7A-A20B-550C92AEF540}.Debug|Any CPU.ActiveCfg = Debug|Any CPU
		{656069AA-8B13-4C7A-A20B-550C92AEF540}.Debug|Any CPU.Build.0 = Debug|Any CPU
		{656069AA-8B13-4C7A-A20B-550C92AEF540}.Debug|x64.ActiveCfg = Debug|Any CPU
		{656069AA-8B13-4C7A-A20B-550C92AEF540}.Debug|x64.Build.0 = Debug|Any CPU
		{656069AA-8B13-4C7A-A20B-550C92AEF540}.Debug|x86.ActiveCfg = Debug|Any CPU
		{656069AA-8B13-4C7A-A20B-550C92AEF540}.Debug|x86.Build.0 = Debug|Any CPU
		{656069AA-8B13-4C7A-A20B-550C92AEF540}.Release|Any CPU.ActiveCfg = Release|Any CPU
		{656069AA-8B13-4C7A-A20B-550C92AEF540}.Release|Any CPU.Build.0 = Release|Any CPU
		{656069AA-8B13-4C7A-A20B-550C92AEF540}.Release|x64.ActiveCfg = Release|Any CPU
		{656069AA-8B13-4C7A-A20B-550C92AEF540}.Release|x64.Build.0 = Release|Any CPU
		{656069AA-8B13-4C7A-A20B-550C92AEF540}.Release|x86.ActiveCfg = Release|Any CPU
		{656069AA-8B13-4C7A-A20B-550C92AEF540}.Release|x86.Build.0 = Release|Any CPU
		{43D18609-AC05-41F5-8708-121F983C80ED}.Debug|Any CPU.ActiveCfg = Debug|Any CPU
		{43D18609-AC05-41F5-8708-121F983C80ED}.Debug|Any CPU.Build.0 = Debug|Any CPU
		{43D18609-AC05-41F5-8708-121F983C80ED}.Debug|x64.ActiveCfg = Debug|Any CPU
		{43D18609-AC05-41F5-8708-121F983C80ED}.Debug|x64.Build.0 = Debug|Any CPU
		{43D18609-AC05-41F5-8708-121F983C80ED}.Debug|x86.ActiveCfg = Debug|Any CPU
		{43D18609-AC05-41F5-8708-121F983C80ED}.Debug|x86.Build.0 = Debug|Any CPU
		{43D18609-AC05-41F5-8708-121F983C80ED}.Release|Any CPU.ActiveCfg = Release|Any CPU
		{43D18609-AC05-41F5-8708-121F983C80ED}.Release|Any CPU.Build.0 = Release|Any CPU
		{43D18609-AC05-41F5-8708-121F983C80ED}.Release|x64.ActiveCfg = Release|Any CPU
		{43D18609-AC05-41F5-8708-121F983C80ED}.Release|x64.Build.0 = Release|Any CPU
		{43D18609-AC05-41F5-8708-121F983C80ED}.Release|x86.ActiveCfg = Release|Any CPU
		{43D18609-AC05-41F5-8708-121F983C80ED}.Release|x86.Build.0 = Release|Any CPU
		{908FD0E6-D485-4DC9-8021-8853B1C5C563}.Debug|Any CPU.ActiveCfg = Debug|Any CPU
		{908FD0E6-D485-4DC9-8021-8853B1C5C563}.Debug|Any CPU.Build.0 = Debug|Any CPU
		{908FD0E6-D485-4DC9-8021-8853B1C5C563}.Debug|x64.ActiveCfg = Debug|Any CPU
		{908FD0E6-D485-4DC9-8021-8853B1C5C563}.Debug|x64.Build.0 = Debug|Any CPU
		{908FD0E6-D485-4DC9-8021-8853B1C5C563}.Debug|x86.ActiveCfg = Debug|Any CPU
		{908FD0E6-D485-4DC9-8021-8853B1C5C563}.Debug|x86.Build.0 = Debug|Any CPU
		{908FD0E6-D485-4DC9-8021-8853B1C5C563}.Release|Any CPU.ActiveCfg = Release|Any CPU
		{908FD0E6-D485-4DC9-8021-8853B1C5C563}.Release|Any CPU.Build.0 = Release|Any CPU
		{908FD0E6-D485-4DC9-8021-8853B1C5C563}.Release|x64.ActiveCfg = Release|Any CPU
		{908FD0E6-D485-4DC9-8021-8853B1C5C563}.Release|x64.Build.0 = Release|Any CPU
		{908FD0E6-D485-4DC9-8021-8853B1C5C563}.Release|x86.ActiveCfg = Release|Any CPU
		{908FD0E6-D485-4DC9-8021-8853B1C5C563}.Release|x86.Build.0 = Release|Any CPU
		{4AF3EB3F-502B-4815-A65D-9137694C6D98}.Debug|Any CPU.ActiveCfg = Debug|Any CPU
		{4AF3EB3F-502B-4815-A65D-9137694C6D98}.Debug|Any CPU.Build.0 = Debug|Any CPU
		{4AF3EB3F-502B-4815-A65D-9137694C6D98}.Debug|x64.ActiveCfg = Debug|Any CPU
		{4AF3EB3F-502B-4815-A65D-9137694C6D98}.Debug|x64.Build.0 = Debug|Any CPU
		{4AF3EB3F-502B-4815-A65D-9137694C6D98}.Debug|x86.ActiveCfg = Debug|Any CPU
		{4AF3EB3F-502B-4815-A65D-9137694C6D98}.Debug|x86.Build.0 = Debug|Any CPU
		{4AF3EB3F-502B-4815-A65D-9137694C6D98}.Release|Any CPU.ActiveCfg = Release|Any CPU
		{4AF3EB3F-502B-4815-A65D-9137694C6D98}.Release|Any CPU.Build.0 = Release|Any CPU
		{4AF3EB3F-502B-4815-A65D-9137694C6D98}.Release|x64.ActiveCfg = Release|Any CPU
		{4AF3EB3F-502B-4815-A65D-9137694C6D98}.Release|x64.Build.0 = Release|Any CPU
		{4AF3EB3F-502B-4815-A65D-9137694C6D98}.Release|x86.ActiveCfg = Release|Any CPU
		{4AF3EB3F-502B-4815-A65D-9137694C6D98}.Release|x86.Build.0 = Release|Any CPU
		{4C28C77D-5E53-43F3-97E0-8929E9B30116}.Debug|Any CPU.ActiveCfg = Debug|Any CPU
		{4C28C77D-5E53-43F3-97E0-8929E9B30116}.Debug|Any CPU.Build.0 = Debug|Any CPU
		{4C28C77D-5E53-43F3-97E0-8929E9B30116}.Debug|x64.ActiveCfg = Debug|Any CPU
		{4C28C77D-5E53-43F3-97E0-8929E9B30116}.Debug|x64.Build.0 = Debug|Any CPU
		{4C28C77D-5E53-43F3-97E0-8929E9B30116}.Debug|x86.ActiveCfg = Debug|Any CPU
		{4C28C77D-5E53-43F3-97E0-8929E9B30116}.Debug|x86.Build.0 = Debug|Any CPU
		{4C28C77D-5E53-43F3-97E0-8929E9B30116}.Release|Any CPU.ActiveCfg = Release|Any CPU
		{4C28C77D-5E53-43F3-97E0-8929E9B30116}.Release|Any CPU.Build.0 = Release|Any CPU
		{4C28C77D-5E53-43F3-97E0-8929E9B30116}.Release|x64.ActiveCfg = Release|Any CPU
		{4C28C77D-5E53-43F3-97E0-8929E9B30116}.Release|x64.Build.0 = Release|Any CPU
		{4C28C77D-5E53-43F3-97E0-8929E9B30116}.Release|x86.ActiveCfg = Release|Any CPU
		{4C28C77D-5E53-43F3-97E0-8929E9B30116}.Release|x86.Build.0 = Release|Any CPU
		{F499CA9A-2144-482B-A366-73DC362AC5C7}.Debug|Any CPU.ActiveCfg = Debug|Any CPU
		{F499CA9A-2144-482B-A366-73DC362AC5C7}.Debug|Any CPU.Build.0 = Debug|Any CPU
		{F499CA9A-2144-482B-A366-73DC362AC5C7}.Debug|x64.ActiveCfg = Debug|Any CPU
		{F499CA9A-2144-482B-A366-73DC362AC5C7}.Debug|x64.Build.0 = Debug|Any CPU
		{F499CA9A-2144-482B-A366-73DC362AC5C7}.Debug|x86.ActiveCfg = Debug|Any CPU
		{F499CA9A-2144-482B-A366-73DC362AC5C7}.Debug|x86.Build.0 = Debug|Any CPU
		{F499CA9A-2144-482B-A366-73DC362AC5C7}.Release|Any CPU.ActiveCfg = Release|Any CPU
		{F499CA9A-2144-482B-A366-73DC362AC5C7}.Release|Any CPU.Build.0 = Release|Any CPU
		{F499CA9A-2144-482B-A366-73DC362AC5C7}.Release|x64.ActiveCfg = Release|Any CPU
		{F499CA9A-2144-482B-A366-73DC362AC5C7}.Release|x64.Build.0 = Release|Any CPU
		{F499CA9A-2144-482B-A366-73DC362AC5C7}.Release|x86.ActiveCfg = Release|Any CPU
		{F499CA9A-2144-482B-A366-73DC362AC5C7}.Release|x86.Build.0 = Release|Any CPU
		{99670E68-3540-41BB-A82C-454E3BCEC0E6}.Debug|Any CPU.ActiveCfg = Debug|Any CPU
		{99670E68-3540-41BB-A82C-454E3BCEC0E6}.Debug|Any CPU.Build.0 = Debug|Any CPU
		{99670E68-3540-41BB-A82C-454E3BCEC0E6}.Debug|x64.ActiveCfg = Debug|Any CPU
		{99670E68-3540-41BB-A82C-454E3BCEC0E6}.Debug|x64.Build.0 = Debug|Any CPU
		{99670E68-3540-41BB-A82C-454E3BCEC0E6}.Debug|x86.ActiveCfg = Debug|Any CPU
		{99670E68-3540-41BB-A82C-454E3BCEC0E6}.Debug|x86.Build.0 = Debug|Any CPU
		{99670E68-3540-41BB-A82C-454E3BCEC0E6}.Release|Any CPU.ActiveCfg = Release|Any CPU
		{99670E68-3540-41BB-A82C-454E3BCEC0E6}.Release|Any CPU.Build.0 = Release|Any CPU
		{99670E68-3540-41BB-A82C-454E3BCEC0E6}.Release|x64.ActiveCfg = Release|Any CPU
		{99670E68-3540-41BB-A82C-454E3BCEC0E6}.Release|x64.Build.0 = Release|Any CPU
		{99670E68-3540-41BB-A82C-454E3BCEC0E6}.Release|x86.ActiveCfg = Release|Any CPU
		{99670E68-3540-41BB-A82C-454E3BCEC0E6}.Release|x86.Build.0 = Release|Any CPU
		{FF3BA162-E6AA-41FC-9E00-2ACCA740E875}.Debug|Any CPU.ActiveCfg = Debug|Any CPU
		{FF3BA162-E6AA-41FC-9E00-2ACCA740E875}.Debug|Any CPU.Build.0 = Debug|Any CPU
		{FF3BA162-E6AA-41FC-9E00-2ACCA740E875}.Debug|x64.ActiveCfg = Debug|Any CPU
		{FF3BA162-E6AA-41FC-9E00-2ACCA740E875}.Debug|x64.Build.0 = Debug|Any CPU
		{FF3BA162-E6AA-41FC-9E00-2ACCA740E875}.Debug|x86.ActiveCfg = Debug|Any CPU
		{FF3BA162-E6AA-41FC-9E00-2ACCA740E875}.Debug|x86.Build.0 = Debug|Any CPU
		{FF3BA162-E6AA-41FC-9E00-2ACCA740E875}.Release|Any CPU.ActiveCfg = Release|Any CPU
		{FF3BA162-E6AA-41FC-9E00-2ACCA740E875}.Release|Any CPU.Build.0 = Release|Any CPU
		{FF3BA162-E6AA-41FC-9E00-2ACCA740E875}.Release|x64.ActiveCfg = Release|Any CPU
		{FF3BA162-E6AA-41FC-9E00-2ACCA740E875}.Release|x64.Build.0 = Release|Any CPU
		{FF3BA162-E6AA-41FC-9E00-2ACCA740E875}.Release|x86.ActiveCfg = Release|Any CPU
		{FF3BA162-E6AA-41FC-9E00-2ACCA740E875}.Release|x86.Build.0 = Release|Any CPU
		{C7511178-4F09-4343-9A96-B649EF9D795F}.Debug|Any CPU.ActiveCfg = Debug|Any CPU
		{C7511178-4F09-4343-9A96-B649EF9D795F}.Debug|Any CPU.Build.0 = Debug|Any CPU
		{C7511178-4F09-4343-9A96-B649EF9D795F}.Debug|x64.ActiveCfg = Debug|Any CPU
		{C7511178-4F09-4343-9A96-B649EF9D795F}.Debug|x64.Build.0 = Debug|Any CPU
		{C7511178-4F09-4343-9A96-B649EF9D795F}.Debug|x86.ActiveCfg = Debug|Any CPU
		{C7511178-4F09-4343-9A96-B649EF9D795F}.Debug|x86.Build.0 = Debug|Any CPU
		{C7511178-4F09-4343-9A96-B649EF9D795F}.Release|Any CPU.ActiveCfg = Release|Any CPU
		{C7511178-4F09-4343-9A96-B649EF9D795F}.Release|Any CPU.Build.0 = Release|Any CPU
		{C7511178-4F09-4343-9A96-B649EF9D795F}.Release|x64.ActiveCfg = Release|Any CPU
		{C7511178-4F09-4343-9A96-B649EF9D795F}.Release|x64.Build.0 = Release|Any CPU
		{C7511178-4F09-4343-9A96-B649EF9D795F}.Release|x86.ActiveCfg = Release|Any CPU
		{C7511178-4F09-4343-9A96-B649EF9D795F}.Release|x86.Build.0 = Release|Any CPU
		{E860A130-4F8F-479E-8C90-1EFBDD10D207}.Debug|Any CPU.ActiveCfg = Debug|Any CPU
		{E860A130-4F8F-479E-8C90-1EFBDD10D207}.Debug|Any CPU.Build.0 = Debug|Any CPU
		{E860A130-4F8F-479E-8C90-1EFBDD10D207}.Debug|x64.ActiveCfg = Debug|Any CPU
		{E860A130-4F8F-479E-8C90-1EFBDD10D207}.Debug|x64.Build.0 = Debug|Any CPU
		{E860A130-4F8F-479E-8C90-1EFBDD10D207}.Debug|x86.ActiveCfg = Debug|Any CPU
		{E860A130-4F8F-479E-8C90-1EFBDD10D207}.Debug|x86.Build.0 = Debug|Any CPU
		{E860A130-4F8F-479E-8C90-1EFBDD10D207}.Release|Any CPU.ActiveCfg = Release|Any CPU
		{E860A130-4F8F-479E-8C90-1EFBDD10D207}.Release|Any CPU.Build.0 = Release|Any CPU
		{E860A130-4F8F-479E-8C90-1EFBDD10D207}.Release|x64.ActiveCfg = Release|Any CPU
		{E860A130-4F8F-479E-8C90-1EFBDD10D207}.Release|x64.Build.0 = Release|Any CPU
		{E860A130-4F8F-479E-8C90-1EFBDD10D207}.Release|x86.ActiveCfg = Release|Any CPU
		{E860A130-4F8F-479E-8C90-1EFBDD10D207}.Release|x86.Build.0 = Release|Any CPU
		{3C1E9185-9430-4D27-9844-FFF643FFF62A}.Debug|Any CPU.ActiveCfg = Debug|Any CPU
		{3C1E9185-9430-4D27-9844-FFF643FFF62A}.Debug|Any CPU.Build.0 = Debug|Any CPU
		{3C1E9185-9430-4D27-9844-FFF643FFF62A}.Debug|x64.ActiveCfg = Debug|Any CPU
		{3C1E9185-9430-4D27-9844-FFF643FFF62A}.Debug|x64.Build.0 = Debug|Any CPU
		{3C1E9185-9430-4D27-9844-FFF643FFF62A}.Debug|x86.ActiveCfg = Debug|Any CPU
		{3C1E9185-9430-4D27-9844-FFF643FFF62A}.Debug|x86.Build.0 = Debug|Any CPU
		{3C1E9185-9430-4D27-9844-FFF643FFF62A}.Release|Any CPU.ActiveCfg = Release|Any CPU
		{3C1E9185-9430-4D27-9844-FFF643FFF62A}.Release|Any CPU.Build.0 = Release|Any CPU
		{3C1E9185-9430-4D27-9844-FFF643FFF62A}.Release|x64.ActiveCfg = Release|Any CPU
		{3C1E9185-9430-4D27-9844-FFF643FFF62A}.Release|x64.Build.0 = Release|Any CPU
		{3C1E9185-9430-4D27-9844-FFF643FFF62A}.Release|x86.ActiveCfg = Release|Any CPU
		{3C1E9185-9430-4D27-9844-FFF643FFF62A}.Release|x86.Build.0 = Release|Any CPU
		{083E0E4D-098C-4431-832C-89AD9785A3F5}.Debug|Any CPU.ActiveCfg = Debug|Any CPU
		{083E0E4D-098C-4431-832C-89AD9785A3F5}.Debug|Any CPU.Build.0 = Debug|Any CPU
		{083E0E4D-098C-4431-832C-89AD9785A3F5}.Debug|x64.ActiveCfg = Debug|Any CPU
		{083E0E4D-098C-4431-832C-89AD9785A3F5}.Debug|x64.Build.0 = Debug|Any CPU
		{083E0E4D-098C-4431-832C-89AD9785A3F5}.Debug|x86.ActiveCfg = Debug|Any CPU
		{083E0E4D-098C-4431-832C-89AD9785A3F5}.Debug|x86.Build.0 = Debug|Any CPU
		{083E0E4D-098C-4431-832C-89AD9785A3F5}.Release|Any CPU.ActiveCfg = Release|Any CPU
		{083E0E4D-098C-4431-832C-89AD9785A3F5}.Release|Any CPU.Build.0 = Release|Any CPU
		{083E0E4D-098C-4431-832C-89AD9785A3F5}.Release|x64.ActiveCfg = Release|Any CPU
		{083E0E4D-098C-4431-832C-89AD9785A3F5}.Release|x64.Build.0 = Release|Any CPU
		{083E0E4D-098C-4431-832C-89AD9785A3F5}.Release|x86.ActiveCfg = Release|Any CPU
		{083E0E4D-098C-4431-832C-89AD9785A3F5}.Release|x86.Build.0 = Release|Any CPU
		{C4701575-1575-459E-9434-00B8A341F7F4}.Debug|Any CPU.ActiveCfg = Debug|Any CPU
		{C4701575-1575-459E-9434-00B8A341F7F4}.Debug|Any CPU.Build.0 = Debug|Any CPU
		{C4701575-1575-459E-9434-00B8A341F7F4}.Debug|x64.ActiveCfg = Debug|Any CPU
		{C4701575-1575-459E-9434-00B8A341F7F4}.Debug|x64.Build.0 = Debug|Any CPU
		{C4701575-1575-459E-9434-00B8A341F7F4}.Debug|x86.ActiveCfg = Debug|Any CPU
		{C4701575-1575-459E-9434-00B8A341F7F4}.Debug|x86.Build.0 = Debug|Any CPU
		{C4701575-1575-459E-9434-00B8A341F7F4}.Release|Any CPU.ActiveCfg = Release|Any CPU
		{C4701575-1575-459E-9434-00B8A341F7F4}.Release|Any CPU.Build.0 = Release|Any CPU
		{C4701575-1575-459E-9434-00B8A341F7F4}.Release|x64.ActiveCfg = Release|Any CPU
		{C4701575-1575-459E-9434-00B8A341F7F4}.Release|x64.Build.0 = Release|Any CPU
		{C4701575-1575-459E-9434-00B8A341F7F4}.Release|x86.ActiveCfg = Release|Any CPU
		{C4701575-1575-459E-9434-00B8A341F7F4}.Release|x86.Build.0 = Release|Any CPU
		{B742FB7A-2857-4789-892B-C1DEA72B6F5A}.Debug|Any CPU.ActiveCfg = Debug|Any CPU
		{B742FB7A-2857-4789-892B-C1DEA72B6F5A}.Debug|Any CPU.Build.0 = Debug|Any CPU
		{B742FB7A-2857-4789-892B-C1DEA72B6F5A}.Debug|x64.ActiveCfg = Debug|Any CPU
		{B742FB7A-2857-4789-892B-C1DEA72B6F5A}.Debug|x64.Build.0 = Debug|Any CPU
		{B742FB7A-2857-4789-892B-C1DEA72B6F5A}.Debug|x86.ActiveCfg = Debug|Any CPU
		{B742FB7A-2857-4789-892B-C1DEA72B6F5A}.Debug|x86.Build.0 = Debug|Any CPU
		{B742FB7A-2857-4789-892B-C1DEA72B6F5A}.Release|Any CPU.ActiveCfg = Release|Any CPU
		{B742FB7A-2857-4789-892B-C1DEA72B6F5A}.Release|Any CPU.Build.0 = Release|Any CPU
		{B742FB7A-2857-4789-892B-C1DEA72B6F5A}.Release|x64.ActiveCfg = Release|Any CPU
		{B742FB7A-2857-4789-892B-C1DEA72B6F5A}.Release|x64.Build.0 = Release|Any CPU
		{B742FB7A-2857-4789-892B-C1DEA72B6F5A}.Release|x86.ActiveCfg = Release|Any CPU
		{B742FB7A-2857-4789-892B-C1DEA72B6F5A}.Release|x86.Build.0 = Release|Any CPU
		{5A41972B-C08B-4B19-AC73-50A3B93AFC67}.Debug|Any CPU.ActiveCfg = Debug|Any CPU
		{5A41972B-C08B-4B19-AC73-50A3B93AFC67}.Debug|Any CPU.Build.0 = Debug|Any CPU
		{5A41972B-C08B-4B19-AC73-50A3B93AFC67}.Debug|x64.ActiveCfg = Debug|Any CPU
		{5A41972B-C08B-4B19-AC73-50A3B93AFC67}.Debug|x64.Build.0 = Debug|Any CPU
		{5A41972B-C08B-4B19-AC73-50A3B93AFC67}.Debug|x86.ActiveCfg = Debug|Any CPU
		{5A41972B-C08B-4B19-AC73-50A3B93AFC67}.Debug|x86.Build.0 = Debug|Any CPU
		{5A41972B-C08B-4B19-AC73-50A3B93AFC67}.Release|Any CPU.ActiveCfg = Release|Any CPU
		{5A41972B-C08B-4B19-AC73-50A3B93AFC67}.Release|Any CPU.Build.0 = Release|Any CPU
		{5A41972B-C08B-4B19-AC73-50A3B93AFC67}.Release|x64.ActiveCfg = Release|Any CPU
		{5A41972B-C08B-4B19-AC73-50A3B93AFC67}.Release|x64.Build.0 = Release|Any CPU
		{5A41972B-C08B-4B19-AC73-50A3B93AFC67}.Release|x86.ActiveCfg = Release|Any CPU
		{5A41972B-C08B-4B19-AC73-50A3B93AFC67}.Release|x86.Build.0 = Release|Any CPU
	EndGlobalSection
	GlobalSection(SolutionProperties) = preSolution
		HideSolutionNode = FALSE
	EndGlobalSection
	GlobalSection(NestedProjects) = preSolution
		{649FDD52-ED4F-4F6A-999C-7A3AC020A196} = {827E0CD3-B72D-47B6-A68D-7590B98EB39B}
		{6DA269FD-E907-4900-89DE-1F6B9C2C4DDF} = {827E0CD3-B72D-47B6-A68D-7590B98EB39B}
		{48C9293D-AAA1-4D6B-9312-27B972802045} = {0AB3BF05-4346-4AA6-1389-037BE0695223}
		{A431A378-3712-4A00-8BDB-0DE44609F3F4} = {0AB3BF05-4346-4AA6-1389-037BE0695223}
		{D8357C7A-2076-45C0-ADEC-B45D8D931679} = {827E0CD3-B72D-47B6-A68D-7590B98EB39B}
		{56FCEDB6-2C1B-47EA-AA94-EB940718ADF8} = {827E0CD3-B72D-47B6-A68D-7590B98EB39B}
		{8FCCAD0F-A2E4-4569-81E8-2CCF1552E7F7} = {0AB3BF05-4346-4AA6-1389-037BE0695223}
		{47046B2D-F6AD-46F6-B466-59C688CDEBD3} = {827E0CD3-B72D-47B6-A68D-7590B98EB39B}
		{515279D7-BCA3-42FC-8B0D-7BFE2FBD5AC5} = {827E0CD3-B72D-47B6-A68D-7590B98EB39B}
		{2EB41823-3B14-4AC7-B97C-88D388C98CB6} = {827E0CD3-B72D-47B6-A68D-7590B98EB39B}
		{656069AA-8B13-4C7A-A20B-550C92AEF540} = {0AB3BF05-4346-4AA6-1389-037BE0695223}
		{43D18609-AC05-41F5-8708-121F983C80ED} = {0AB3BF05-4346-4AA6-1389-037BE0695223}
		{908FD0E6-D485-4DC9-8021-8853B1C5C563} = {827E0CD3-B72D-47B6-A68D-7590B98EB39B}
		{4AF3EB3F-502B-4815-A65D-9137694C6D98} = {0AB3BF05-4346-4AA6-1389-037BE0695223}
		{4C28C77D-5E53-43F3-97E0-8929E9B30116} = {0AB3BF05-4346-4AA6-1389-037BE0695223}
		{F499CA9A-2144-482B-A366-73DC362AC5C7} = {827E0CD3-B72D-47B6-A68D-7590B98EB39B}
		{99670E68-3540-41BB-A82C-454E3BCEC0E6} = {0AB3BF05-4346-4AA6-1389-037BE0695223}
		{FF3BA162-E6AA-41FC-9E00-2ACCA740E875} = {827E0CD3-B72D-47B6-A68D-7590B98EB39B}
		{C7511178-4F09-4343-9A96-B649EF9D795F} = {0AB3BF05-4346-4AA6-1389-037BE0695223}
		{E860A130-4F8F-479E-8C90-1EFBDD10D207} = {0AB3BF05-4346-4AA6-1389-037BE0695223}
		{3C1E9185-9430-4D27-9844-FFF643FFF62A} = {827E0CD3-B72D-47B6-A68D-7590B98EB39B}
		{083E0E4D-098C-4431-832C-89AD9785A3F5} = {827E0CD3-B72D-47B6-A68D-7590B98EB39B}
		{C4701575-1575-459E-9434-00B8A341F7F4} = {0AB3BF05-4346-4AA6-1389-037BE0695223}
		{B742FB7A-2857-4789-892B-C1DEA72B6F5A} = {827E0CD3-B72D-47B6-A68D-7590B98EB39B}
		{5A41972B-C08B-4B19-AC73-50A3B93AFC67} = {0AB3BF05-4346-4AA6-1389-037BE0695223}
	EndGlobalSection
EndGlobal
